// !$*UTF8*$!
{
	archiveVersion = 1;
	classes = {
	};
	objectVersion = 51;
	objects = {

/* Begin PBXBuildFile section */
		2FB6F59C1D86C40400F17B36 /* sample3.JPG in Resources */ = {isa = PBXBuildFile; fileRef = 2FB6F59A1D86C40400F17B36 /* sample3.JPG */; };
		2FB6F59D1D86C40400F17B36 /* sample4.JPG in Resources */ = {isa = PBXBuildFile; fileRef = 2FB6F59B1D86C40400F17B36 /* sample4.JPG */; };
		542540E71D86F61A002A4D4B /* RNSphereImageViewController.swift in Sources */ = {isa = PBXBuildFile; fileRef = 542540E41D86F61A002A4D4B /* RNSphereImageViewController.swift */; };
		54A7C5EF23255947001721B2 /* SCNVector3+Extension.swift in Sources */ = {isa = PBXBuildFile; fileRef = 54A7C5EE23255947001721B2 /* SCNVector3+Extension.swift */; };
		54CDF08E1D8580110024C1DE /* AppDelegate.swift in Sources */ = {isa = PBXBuildFile; fileRef = 54CDF08D1D8580110024C1DE /* AppDelegate.swift */; };
		54CDF0901D8580110024C1DE /* ViewController.swift in Sources */ = {isa = PBXBuildFile; fileRef = 54CDF08F1D8580110024C1DE /* ViewController.swift */; };
		54CDF0931D8580110024C1DE /* Main.storyboard in Resources */ = {isa = PBXBuildFile; fileRef = 54CDF0911D8580110024C1DE /* Main.storyboard */; };
		54CDF0951D8580110024C1DE /* Assets.xcassets in Resources */ = {isa = PBXBuildFile; fileRef = 54CDF0941D8580110024C1DE /* Assets.xcassets */; };
		54CDF0981D8580110024C1DE /* LaunchScreen.storyboard in Resources */ = {isa = PBXBuildFile; fileRef = 54CDF0961D8580110024C1DE /* LaunchScreen.storyboard */; };
/* End PBXBuildFile section */

/* Begin PBXFileReference section */
		2FB6F59A1D86C40400F17B36 /* sample3.JPG */ = {isa = PBXFileReference; lastKnownFileType = image.jpeg; path = sample3.JPG; sourceTree = "<group>"; };
		2FB6F59B1D86C40400F17B36 /* sample4.JPG */ = {isa = PBXFileReference; lastKnownFileType = image.jpeg; path = sample4.JPG; sourceTree = "<group>"; };
		542540E41D86F61A002A4D4B /* RNSphereImageViewController.swift */ = {isa = PBXFileReference; fileEncoding = 4; lastKnownFileType = sourcecode.swift; path = RNSphereImageViewController.swift; sourceTree = "<group>"; };
		542540E51D86F61A002A4D4B /* RNSphereImageViewer.h */ = {isa = PBXFileReference; fileEncoding = 4; lastKnownFileType = sourcecode.c.h; path = RNSphereImageViewer.h; sourceTree = "<group>"; };
		54A7C5EE23255947001721B2 /* SCNVector3+Extension.swift */ = {isa = PBXFileReference; lastKnownFileType = sourcecode.swift; path = "SCNVector3+Extension.swift"; sourceTree = "<group>"; };
		54CDF08A1D8580110024C1DE /* Demo.app */ = {isa = PBXFileReference; explicitFileType = wrapper.application; includeInIndex = 0; path = Demo.app; sourceTree = BUILT_PRODUCTS_DIR; };
		54CDF08D1D8580110024C1DE /* AppDelegate.swift */ = {isa = PBXFileReference; lastKnownFileType = sourcecode.swift; path = AppDelegate.swift; sourceTree = "<group>"; };
		54CDF08F1D8580110024C1DE /* ViewController.swift */ = {isa = PBXFileReference; lastKnownFileType = sourcecode.swift; path = ViewController.swift; sourceTree = "<group>"; };
		54CDF0921D8580110024C1DE /* Base */ = {isa = PBXFileReference; lastKnownFileType = file.storyboard; name = Base; path = Base.lproj/Main.storyboard; sourceTree = "<group>"; };
		54CDF0941D8580110024C1DE /* Assets.xcassets */ = {isa = PBXFileReference; lastKnownFileType = folder.assetcatalog; path = Assets.xcassets; sourceTree = "<group>"; };
		54CDF0971D8580110024C1DE /* Base */ = {isa = PBXFileReference; lastKnownFileType = file.storyboard; name = Base; path = Base.lproj/LaunchScreen.storyboard; sourceTree = "<group>"; };
		54CDF0991D8580110024C1DE /* Info.plist */ = {isa = PBXFileReference; lastKnownFileType = text.plist.xml; path = Info.plist; sourceTree = "<group>"; };
/* End PBXFileReference section */

/* Begin PBXFrameworksBuildPhase section */
		54CDF0871D8580110024C1DE /* Frameworks */ = {
			isa = PBXFrameworksBuildPhase;
			buildActionMask = 2147483647;
			files = (
			);
			runOnlyForDeploymentPostprocessing = 0;
		};
/* End PBXFrameworksBuildPhase section */

/* Begin PBXGroup section */
		542540E21D86F61A002A4D4B /* RNSphereImageViewer */ = {
			isa = PBXGroup;
			children = (
				542540E41D86F61A002A4D4B /* RNSphereImageViewController.swift */,
				54A7C5EE23255947001721B2 /* SCNVector3+Extension.swift */,
				542540E51D86F61A002A4D4B /* RNSphereImageViewer.h */,
			);
			name = RNSphereImageViewer;
			path = ../RNSphereImageViewer;
			sourceTree = "<group>";
		};
		54CDF0811D8580110024C1DE = {
			isa = PBXGroup;
			children = (
				542540E21D86F61A002A4D4B /* RNSphereImageViewer */,
				54CDF08C1D8580110024C1DE /* Demo */,
				54CDF08B1D8580110024C1DE /* Products */,
			);
			sourceTree = "<group>";
		};
		54CDF08B1D8580110024C1DE /* Products */ = {
			isa = PBXGroup;
			children = (
				54CDF08A1D8580110024C1DE /* Demo.app */,
			);
			name = Products;
			sourceTree = "<group>";
		};
		54CDF08C1D8580110024C1DE /* Demo */ = {
			isa = PBXGroup;
			children = (
				2FB6F59A1D86C40400F17B36 /* sample3.JPG */,
				2FB6F59B1D86C40400F17B36 /* sample4.JPG */,
				54CDF08D1D8580110024C1DE /* AppDelegate.swift */,
				54CDF08F1D8580110024C1DE /* ViewController.swift */,
				54CDF0911D8580110024C1DE /* Main.storyboard */,
				54CDF0941D8580110024C1DE /* Assets.xcassets */,
				54CDF0961D8580110024C1DE /* LaunchScreen.storyboard */,
				54CDF0991D8580110024C1DE /* Info.plist */,
			);
			path = Demo;
			sourceTree = "<group>";
		};
/* End PBXGroup section */

/* Begin PBXNativeTarget section */
		54CDF0891D8580110024C1DE /* Demo */ = {
			isa = PBXNativeTarget;
			buildConfigurationList = 54CDF09C1D8580110024C1DE /* Build configuration list for PBXNativeTarget "Demo" */;
			buildPhases = (
				54CDF0861D8580110024C1DE /* Sources */,
				54CDF0871D8580110024C1DE /* Frameworks */,
				54CDF0881D8580110024C1DE /* Resources */,
			);
			buildRules = (
			);
			dependencies = (
			);
			name = Demo;
			productName = Demo;
			productReference = 54CDF08A1D8580110024C1DE /* Demo.app */;
			productType = "com.apple.product-type.application";
		};
/* End PBXNativeTarget section */

/* Begin PBXProject section */
		54CDF0821D8580110024C1DE /* Project object */ = {
			isa = PBXProject;
			attributes = {
				LastSwiftUpdateCheck = 0730;
				LastUpgradeCheck = 1020;
				ORGANIZATIONNAME = mothule;
				TargetAttributes = {
					54CDF0891D8580110024C1DE = {
						CreatedOnToolsVersion = 7.3.1;
						LastSwiftMigration = 0800;
						ProvisioningStyle = Manual;
					};
				};
			};
			buildConfigurationList = 54CDF0851D8580110024C1DE /* Build configuration list for PBXProject "Demo" */;
			compatibilityVersion = "Xcode 10.0";
			developmentRegion = en;
			hasScannedForEncodings = 0;
			knownRegions = (
				en,
				Base,
			);
			mainGroup = 54CDF0811D8580110024C1DE;
			productRefGroup = 54CDF08B1D8580110024C1DE /* Products */;
			projectDirPath = "";
			projectRoot = "";
			targets = (
				54CDF0891D8580110024C1DE /* Demo */,
			);
		};
/* End PBXProject section */

/* Begin PBXResourcesBuildPhase section */
		54CDF0881D8580110024C1DE /* Resources */ = {
			isa = PBXResourcesBuildPhase;
			buildActionMask = 2147483647;
			files = (
				54CDF0931D8580110024C1DE /* Main.storyboard in Resources */,
				2FB6F59D1D86C40400F17B36 /* sample4.JPG in Resources */,
				54CDF0951D8580110024C1DE /* Assets.xcassets in Resources */,
				54CDF0981D8580110024C1DE /* LaunchScreen.storyboard in Resources */,
				2FB6F59C1D86C40400F17B36 /* sample3.JPG in Resources */,
			);
			runOnlyForDeploymentPostprocessing = 0;
		};
/* End PBXResourcesBuildPhase section */

/* Begin PBXSourcesBuildPhase section */
		54CDF0861D8580110024C1DE /* Sources */ = {
			isa = PBXSourcesBuildPhase;
			buildActionMask = 2147483647;
			files = (
				54CDF0901D8580110024C1DE /* ViewController.swift in Sources */,
				54CDF08E1D8580110024C1DE /* AppDelegate.swift in Sources */,
				542540E71D86F61A002A4D4B /* RNSphereImageViewController.swift in Sources */,
				54A7C5EF23255947001721B2 /* SCNVector3+Extension.swift in Sources */,
			);
			runOnlyForDeploymentPostprocessing = 0;
		};
/* End PBXSourcesBuildPhase section */

/* Begin PBXVariantGroup section */
		54CDF0911D8580110024C1DE /* Main.storyboard */ = {
			isa = PBXVariantGroup;
			children = (
				54CDF0921D8580110024C1DE /* Base */,
			);
			name = Main.storyboard;
			sourceTree = "<group>";
		};
		54CDF0961D8580110024C1DE /* LaunchScreen.storyboard */ = {
			isa = PBXVariantGroup;
			children = (
				54CDF0971D8580110024C1DE /* Base */,
			);
			name = LaunchScreen.storyboard;
			sourceTree = "<group>";
		};
/* End PBXVariantGroup section */

/* Begin XCBuildConfiguration section */
		54CDF09A1D8580110024C1DE /* Debug */ = {
			isa = XCBuildConfiguration;
			buildSettings = {
				ALWAYS_SEARCH_USER_PATHS = NO;
				CLANG_ANALYZER_LOCALIZABILITY_NONLOCALIZED = YES;
				CLANG_ANALYZER_NONNULL = YES;
				CLANG_CXX_LANGUAGE_STANDARD = "gnu++0x";
				CLANG_CXX_LIBRARY = "libc++";
				CLANG_ENABLE_MODULES = YES;
				CLANG_ENABLE_OBJC_ARC = YES;
				CLANG_WARN_BLOCK_CAPTURE_AUTORELEASING = YES;
				CLANG_WARN_BOOL_CONVERSION = YES;
				CLANG_WARN_COMMA = YES;
				CLANG_WARN_CONSTANT_CONVERSION = YES;
				CLANG_WARN_DEPRECATED_OBJC_IMPLEMENTATIONS = YES;
				CLANG_WARN_DIRECT_OBJC_ISA_USAGE = YES_ERROR;
				CLANG_WARN_EMPTY_BODY = YES;
				CLANG_WARN_ENUM_CONVERSION = YES;
				CLANG_WARN_INFINITE_RECURSION = YES;
				CLANG_WARN_INT_CONVERSION = YES;
				CLANG_WARN_NON_LITERAL_NULL_CONVERSION = YES;
				CLANG_WARN_OBJC_IMPLICIT_RETAIN_SELF = YES;
				CLANG_WARN_OBJC_LITERAL_CONVERSION = YES;
				CLANG_WARN_OBJC_ROOT_CLASS = YES_ERROR;
				CLANG_WARN_RANGE_LOOP_ANALYSIS = YES;
				CLANG_WARN_STRICT_PROTOTYPES = YES;
				CLANG_WARN_SUSPICIOUS_MOVE = YES;
				CLANG_WARN_UNREACHABLE_CODE = YES;
				CLANG_WARN__DUPLICATE_METHOD_MATCH = YES;
				"CODE_SIGN_IDENTITY[sdk=iphoneos*]" = "iPhone Developer";
				COPY_PHASE_STRIP = NO;
				DEBUG_INFORMATION_FORMAT = dwarf;
				ENABLE_STRICT_OBJC_MSGSEND = YES;
				ENABLE_TESTABILITY = YES;
				GCC_C_LANGUAGE_STANDARD = gnu99;
				GCC_DYNAMIC_NO_PIC = NO;
				GCC_NO_COMMON_BLOCKS = YES;
				GCC_OPTIMIZATION_LEVEL = 0;
				GCC_PREPROCESSOR_DEFINITIONS = (
					"DEBUG=1",
					"$(inherited)",
				);
				GCC_WARN_64_TO_32_BIT_CONVERSION = YES;
				GCC_WARN_ABOUT_RETURN_TYPE = YES_ERROR;
				GCC_WARN_UNDECLARED_SELECTOR = YES;
				GCC_WARN_UNINITIALIZED_AUTOS = YES_AGGRESSIVE;
				GCC_WARN_UNUSED_FUNCTION = YES;
				GCC_WARN_UNUSED_VARIABLE = YES;
				IPHONEOS_DEPLOYMENT_TARGET = 11.0;
				MTL_ENABLE_DEBUG_INFO = YES;
				ONLY_ACTIVE_ARCH = YES;
				SDKROOT = iphoneos;
				SWIFT_OPTIMIZATION_LEVEL = "-Onone";
				SWIFT_VERSION = 5.0;
			};
			name = Debug;
		};
		54CDF09B1D8580110024C1DE /* Release */ = {
			isa = XCBuildConfiguration;
			buildSettings = {
				ALWAYS_SEARCH_USER_PATHS = NO;
				CLANG_ANALYZER_LOCALIZABILITY_NONLOCALIZED = YES;
				CLANG_ANALYZER_NONNULL = YES;
				CLANG_CXX_LANGUAGE_STANDARD = "gnu++0x";
				CLANG_CXX_LIBRARY = "libc++";
				CLANG_ENABLE_MODULES = YES;
				CLANG_ENABLE_OBJC_ARC = YES;
				CLANG_WARN_BLOCK_CAPTURE_AUTORELEASING = YES;
				CLANG_WARN_BOOL_CONVERSION = YES;
				CLANG_WARN_COMMA = YES;
				CLANG_WARN_CONSTANT_CONVERSION = YES;
				CLANG_WARN_DEPRECATED_OBJC_IMPLEMENTATIONS = YES;
				CLANG_WARN_DIRECT_OBJC_ISA_USAGE = YES_ERROR;
				CLANG_WARN_EMPTY_BODY = YES;
				CLANG_WARN_ENUM_CONVERSION = YES;
				CLANG_WARN_INFINITE_RECURSION = YES;
				CLANG_WARN_INT_CONVERSION = YES;
				CLANG_WARN_NON_LITERAL_NULL_CONVERSION = YES;
				CLANG_WARN_OBJC_IMPLICIT_RETAIN_SELF = YES;
				CLANG_WARN_OBJC_LITERAL_CONVERSION = YES;
				CLANG_WARN_OBJC_ROOT_CLASS = YES_ERROR;
				CLANG_WARN_RANGE_LOOP_ANALYSIS = YES;
				CLANG_WARN_STRICT_PROTOTYPES = YES;
				CLANG_WARN_SUSPICIOUS_MOVE = YES;
				CLANG_WARN_UNREACHABLE_CODE = YES;
				CLANG_WARN__DUPLICATE_METHOD_MATCH = YES;
				"CODE_SIGN_IDENTITY[sdk=iphoneos*]" = "iPhone Developer";
				COPY_PHASE_STRIP = NO;
				DEBUG_INFORMATION_FORMAT = "dwarf-with-dsym";
				ENABLE_NS_ASSERTIONS = NO;
				ENABLE_STRICT_OBJC_MSGSEND = YES;
				GCC_C_LANGUAGE_STANDARD = gnu99;
				GCC_NO_COMMON_BLOCKS = YES;
				GCC_WARN_64_TO_32_BIT_CONVERSION = YES;
				GCC_WARN_ABOUT_RETURN_TYPE = YES_ERROR;
				GCC_WARN_UNDECLARED_SELECTOR = YES;
				GCC_WARN_UNINITIALIZED_AUTOS = YES_AGGRESSIVE;
				GCC_WARN_UNUSED_FUNCTION = YES;
				GCC_WARN_UNUSED_VARIABLE = YES;
				IPHONEOS_DEPLOYMENT_TARGET = 11.0;
				MTL_ENABLE_DEBUG_INFO = NO;
				SDKROOT = iphoneos;
				SWIFT_COMPILATION_MODE = wholemodule;
				SWIFT_OPTIMIZATION_LEVEL = "-O";
				SWIFT_VERSION = 5.0;
				VALIDATE_PRODUCT = YES;
			};
			name = Release;
		};
		54CDF09D1D8580110024C1DE /* Debug */ = {
			isa = XCBuildConfiguration;
			buildSettings = {
				ASSETCATALOG_COMPILER_APPICON_NAME = AppIcon;
				DEVELOPMENT_TEAM = "";
				INFOPLIST_FILE = Demo/Info.plist;
				LD_RUNPATH_SEARCH_PATHS = (
					"$(inherited)",
					"@executable_path/Frameworks",
				);
				PRODUCT_BUNDLE_IDENTIFIER = jp.mothule.Demo;
				PRODUCT_NAME = "$(TARGET_NAME)";
				SWIFT_VERSION = 5.0;
			};
			name = Debug;
		};
		54CDF09E1D8580110024C1DE /* Release */ = {
			isa = XCBuildConfiguration;
			buildSettings = {
				ASSETCATALOG_COMPILER_APPICON_NAME = AppIcon;
				DEVELOPMENT_TEAM = "";
				INFOPLIST_FILE = Demo/Info.plist;
				LD_RUNPATH_SEARCH_PATHS = (
					"$(inherited)",
					"@executable_path/Frameworks",
				);
				PRODUCT_BUNDLE_IDENTIFIER = jp.mothule.Demo;
				PRODUCT_NAME = "$(TARGET_NAME)";
				SWIFT_VERSION = 5.0;
			};
			name = Release;
		};
/* End XCBuildConfiguration section */

/* Begin XCConfigurationList section */
		54CDF0851D8580110024C1DE /* Build configuration list for PBXProject "Demo" */ = {
			isa = XCConfigurationList;
			buildConfigurations = (
				54CDF09A1D8580110024C1DE /* Debug */,
				54CDF09B1D8580110024C1DE /* Release */,
			);
			defaultConfigurationIsVisible = 0;
			defaultConfigurationName = Release;
		};
		54CDF09C1D8580110024C1DE /* Build configuration list for PBXNativeTarget "Demo" */ = {
			isa = XCConfigurationList;
			buildConfigurations = (
				54CDF09D1D8580110024C1DE /* Debug */,
				54CDF09E1D8580110024C1DE /* Release */,
			);
			defaultConfigurationIsVisible = 0;
			defaultConfigurationName = Release;
		};
/* End XCConfigurationList section */
	};
	rootObject = 54CDF0821D8580110024C1DE /* Project object */;
}
